
Microsoft Visual Studio Solution File, Format Version 11.00
# Visual Studio 2010
Project("{8BC9CEB8-8B4A-11D0-8D11-00A0C91BC942}") = "HMM_Model", "HMM_Model\HMM_Model.vcxproj", "{62BD1836-E472-4D12-B89A-8B59F35D2ED8}"
EndProject
Global
	GlobalSection(SolutionConfigurationPlatforms) = preSolution
		Debug|Win32 = Debug|Win32
		Release|Win32 = Release|Win32
	EndGlobalSection
	GlobalSection(ProjectConfigurationPlatforms) = postSolution
		{62BD1836-E472-4D12-B89A-8B59F35D2ED8}.Debug|Win32.ActiveCfg = Debug|Win32
		{62BD1836-E472-4D12-B89A-8B59F35D2ED8}.Debug|Win32.Build.0 = Debug|Win32
		{62BD1836-E472-4D12-B89A-8B59F35D2ED8}.Release|Win32.ActiveCfg = Release|Win32
		{62BD1836-E472-4D12-B89A-8B59F35D2ED8}.Release|Win32.Build.0 = Release|Win32
	EndGlobalSection
	GlobalSection(SolutionProperties) = preSolution
		HideSolutionNode = FALSE
	EndGlobalSection
EndGlobal
