<?xml version="1.0" encoding="utf-8"?>
<Project ToolsVersion="4.0" xmlns="http://schemas.microsoft.com/developer/msbuild/2003">
  <ItemGroup>
    <Filter Include="Source Files">
      <UniqueIdentifier>{4FC737F1-C7A5-4376-A066-2A32D752A2FF}</UniqueIdentifier>
      <Extensions>cpp;c;cc;cxx;def;odl;idl;hpj;bat;asm;asmx</Extensions>
    </Filter>
    <Filter Include="Header Files">
      <UniqueIdentifier>{93995380-89BD-4b04-88EB-625FBE52EBFB}</UniqueIdentifier>
      <Extensions>h;hpp;hxx;hm;inl;inc;xsd</Extensions>
    </Filter>
    <Filter Include="Resource Files">
      <UniqueIdentifier>{67DA6AB6-F800-4c08-8B7A-83BB121AAD01}</UniqueIdentifier>
      <Extensions>rc;ico;cur;bmp;dlg;rc2;rct;bin;rgs;gif;jpg;jpeg;jpe;resx;tiff;tif;png;wav;mfcribbon-ms</Extensions>
    </Filter>
  </ItemGroup>
  <ItemGroup>
    <None Include="dc_shift_file.txt">
      <Filter>Source Files</Filter>
    </None>
    <None Include="digit_1_1.txt">
      <Filter>Source Files</Filter>
    </None>
    <None Include="ReadMe.txt">
      <Filter>Source Files</Filter>
    </None>
    <None Include="number_of_frames.txt">
      <Filter>Source Files</Filter>
    </None>
    <None Include="number_of_frames_eg.txt">
      <Filter>Source Files</Filter>
    </None>
    <None Include="OPTIMAL_CODEBOOK_FINAL.txt">
      <Filter>Source Files</Filter>
    </None>
    <None Include="please.txt">
      <Filter>Source Files</Filter>
    </None>
    <None Include="universe_final.txt">
      <Filter>Source Files</Filter>
    </None>
    <None Include="universe.txt">
      <Filter>Source Files</Filter>
    </None>
    <None Include="Digit_2\digit_2_2.txt">
      <Filter>Source Files</Filter>
    </None>
    <None Include="Digit_2\digit_2_3.txt">
      <Filter>Source Files</Filter>
    </None>
    <None Include="Digit_2\digit_2_4.txt">
      <Filter>Source Files</Filter>
    </None>
    <None Include="Digit_2\digit_2_5.txt">
      <Filter>Source Files</Filter>
    </None>
    <None Include="Digit_2\digit_2_6.txt">
      <Filter>Source Files</Filter>
    </None>
    <None Include="Digit_2\digit_2_7.txt">
      <Filter>Source Files</Filter>
    </None>
    <None Include="Digit_2\digit_2_8.txt">
      <Filter>Source Files</Filter>
    </None>
    <None Include="Digit_2\digit_2_9.txt">
      <Filter>Source Files</Filter>
    </None>
    <None Include="Digit_2\digit_2_10.txt">
      <Filter>Source Files</Filter>
    </None>
    <None Include="Digit_2\digit_2_11.txt">
      <Filter>Source Files</Filter>
    </None>
    <None Include="Digit_2\digit_2_12.txt">
      <Filter>Source Files</Filter>
    </None>
    <None Include="Digit_2\digit_2_13.txt">
      <Filter>Source Files</Filter>
    </None>
    <None Include="Digit_2\digit_2_14.txt">
      <Filter>Source Files</Filter>
    </None>
    <None Include="Digit_2\digit_2_15.txt">
      <Filter>Source Files</Filter>
    </None>
    <None Include="Digit_2\digit_2_16.txt">
      <Filter>Source Files</Filter>
    </None>
    <None Include="Digit_2\digit_2_17.txt">
      <Filter>Source Files</Filter>
    </None>
    <None Include="Digit_2\digit_2_18.txt">
      <Filter>Source Files</Filter>
    </None>
    <None Include="Digit_2\digit_2_19.txt">
      <Filter>Source Files</Filter>
    </None>
    <None Include="Digit_2\digit_2_20.txt">
      <Filter>Source Files</Filter>
    </None>
  </ItemGroup>
  <ItemGroup>
    <ClInclude Include="stdafx.h">
      <Filter>Header Files</Filter>
    </ClInclude>
    <ClInclude Include="targetver.h">
      <Filter>Header Files</Filter>
    </ClInclude>
    <ClInclude Include="LBG.h">
      <Filter>Source Files</Filter>
    </ClInclude>
  </ItemGroup>
  <ItemGroup>
    <ClCompile Include="stdafx.cpp">
      <Filter>Source Files</Filter>
    </ClCompile>
    <ClCompile Include="HMM_Model.cpp">
      <Filter>Source Files</Filter>
    </ClCompile>
  </ItemGroup>
</Project>